
Microsoft Visual Studio Solution File, Format Version 12.00
# Visual Studio Version 16
VisualStudioVersion = 16.0.30128.74
MinimumVisualStudioVersion = 10.0.40219.1
Project("{FAE04EC0-301F-11D3-BF4B-00C04F79EFBC}") = "EncryptionApp", "EncryptionApp.csproj", "{3C547899-A842-45C8-A30D-177D537D8019}"
EndProject
Global
	GlobalSection(SolutionConfigurationPlatforms) = preSolution
		Debug|Any CPU = Debug|Any CPU
		Release|Any CPU = Release|Any CPU
	EndGlobalSection
	GlobalSection(ProjectConfigurationPlatforms) = postSolution
		{3C547899-A842-45C8-A30D-177D537D8019}.Debug|Any CPU.ActiveCfg = Debug|Any CPU
		{3C547899-A842-45C8-A30D-177D537D8019}.Debug|Any CPU.Build.0 = Debug|Any CPU
		{3C547899-A842-45C8-A30D-177D537D8019}.Release|Any CPU.ActiveCfg = Release|Any CPU
		{3C547899-A842-45C8-A30D-177D537D8019}.Release|Any CPU.Build.0 = Release|Any CPU
	EndGlobalSection
	GlobalSection(SolutionProperties) = preSolution
		HideSolutionNode = FALSE
	EndGlobalSection
	GlobalSection(ExtensibilityGlobals) = postSolution
		SolutionGuid = {CC806770-6F35-4026-A985-F31B41561CA0}
	EndGlobalSection
EndGlobal
